
Microsoft Visual Studio Solution File, Format Version 12.00
# Visual Studio Version 16
VisualStudioVersion = 16.0.35130.168
MinimumVisualStudioVersion = 10.0.40219.1
Project("{FAE04EC0-301F-11D3-BF4B-00C04F79EFBC}") = "SesionesLoggin", "SesionesLoggin\SesionesLoggin.csproj", "{1DD6B43C-FD93-444F-B90F-36B7D3671BF4}"
EndProject
Global
	GlobalSection(SolutionConfigurationPlatforms) = preSolution
		Debug|Any CPU = Debug|Any CPU
		Release|Any CPU = Release|Any CPU
	EndGlobalSection
	GlobalSection(ProjectConfigurationPlatforms) = postSolution
		{1DD6B43C-FD93-444F-B90F-36B7D3671BF4}.Debug|Any CPU.ActiveCfg = Debug|Any CPU
		{1DD6B43C-FD93-444F-B90F-36B7D3671BF4}.Debug|Any CPU.Build.0 = Debug|Any CPU
		{1DD6B43C-FD93-444F-B90F-36B7D3671BF4}.Release|Any CPU.ActiveCfg = Release|Any CPU
		{1DD6B43C-FD93-444F-B90F-36B7D3671BF4}.Release|Any CPU.Build.0 = Release|Any CPU
	EndGlobalSection
	GlobalSection(SolutionProperties) = preSolution
		HideSolutionNode = FALSE
	EndGlobalSection
	GlobalSection(ExtensibilityGlobals) = postSolution
		SolutionGuid = {EF8C7D31-E1BC-4731-AEC2-0CDF6CAC5E8B}
	EndGlobalSection
EndGlobal
